
Microsoft Visual Studio Solution File, Format Version 12.00
# Visual Studio Version 16
VisualStudioVersion = 16.0.30907.101
MinimumVisualStudioVersion = 10.0.40219.1
Project("{FAE04EC0-301F-11D3-BF4B-00C04F79EFBC}") = "TrappedKnight", "TrappedKnight\TrappedKnight.csproj", "{5CE5F7F3-27B6-496A-9F26-AC6368F7D64D}"
EndProject
Global
	GlobalSection(SolutionConfigurationPlatforms) = preSolution
		Debug|Any CPU = Debug|Any CPU
		Release|Any CPU = Release|Any CPU
	EndGlobalSection
	GlobalSection(ProjectConfigurationPlatforms) = postSolution
		{5CE5F7F3-27B6-496A-9F26-AC6368F7D64D}.Debug|Any CPU.ActiveCfg = Debug|Any CPU
		{5CE5F7F3-27B6-496A-9F26-AC6368F7D64D}.Debug|Any CPU.Build.0 = Debug|Any CPU
		{5CE5F7F3-27B6-496A-9F26-AC6368F7D64D}.Release|Any CPU.ActiveCfg = Release|Any CPU
		{5CE5F7F3-27B6-496A-9F26-AC6368F7D64D}.Release|Any CPU.Build.0 = Release|Any CPU
	EndGlobalSection
	GlobalSection(SolutionProperties) = preSolution
		HideSolutionNode = FALSE
	EndGlobalSection
	GlobalSection(ExtensibilityGlobals) = postSolution
		SolutionGuid = {B3DEA68A-514E-45C9-9055-04A12B7ADBAA}
	EndGlobalSection
EndGlobal
